// !$*UTF8*$!
{
	archiveVersion = 1;
	classes = {
	};
	objectVersion = 50;
	objects = {

/* Begin PBXBuildFile section */
		B2B72B2426D3929B003E33A1 /* AppDelegate.swift in Sources */ = {isa = PBXBuildFile; fileRef = B2B72B2326D3929B003E33A1 /* AppDelegate.swift */; };
		B2B72B2626D3929B003E33A1 /* SceneDelegate.swift in Sources */ = {isa = PBXBuildFile; fileRef = B2B72B2526D3929B003E33A1 /* SceneDelegate.swift */; };
		B2B72B2826D3929B003E33A1 /* StartVC.swift in Sources */ = {isa = PBXBuildFile; fileRef = B2B72B2726D3929B003E33A1 /* StartVC.swift */; };
		B2B72B2B26D3929B003E33A1 /* Main.storyboard in Resources */ = {isa = PBXBuildFile; fileRef = B2B72B2926D3929B003E33A1 /* Main.storyboard */; };
		B2B72B2E26D3929B003E33A1 /* Goroda_game.xcdatamodeld in Sources */ = {isa = PBXBuildFile; fileRef = B2B72B2C26D3929B003E33A1 /* Goroda_game.xcdatamodeld */; };
		B2B72B3026D392A4003E33A1 /* Assets.xcassets in Resources */ = {isa = PBXBuildFile; fileRef = B2B72B2F26D392A4003E33A1 /* Assets.xcassets */; };
		B2B72B3326D392A4003E33A1 /* LaunchScreen.storyboard in Resources */ = {isa = PBXBuildFile; fileRef = B2B72B3126D392A4003E33A1 /* LaunchScreen.storyboard */; };
		B2B72B3F26D39792003E33A1 /* GameVC.swift in Sources */ = {isa = PBXBuildFile; fileRef = B2B72B3E26D39792003E33A1 /* GameVC.swift */; };
		B2B72B4126D399FF003E33A1 /* DataManager.swift in Sources */ = {isa = PBXBuildFile; fileRef = B2B72B4026D399FF003E33A1 /* DataManager.swift */; };
		B2C9451B270242B9004B152E /* SettingsVC.swift in Sources */ = {isa = PBXBuildFile; fileRef = B2C9451A270242B9004B152E /* SettingsVC.swift */; };
		B2C9451D27024B82004B152E /* FinalPVPVC.swift in Sources */ = {isa = PBXBuildFile; fileRef = B2C9451C27024B82004B152E /* FinalPVPVC.swift */; };
		B2E43BAC26E0BF5F00563B7B /* FinalVC.swift in Sources */ = {isa = PBXBuildFile; fileRef = B2E43BAB26E0BF5F00563B7B /* FinalVC.swift */; };
		B2FFD37E26FA7AEF006EBAD2 /* GamePVPVC.swift in Sources */ = {isa = PBXBuildFile; fileRef = B2FFD37D26FA7AEF006EBAD2 /* GamePVPVC.swift */; };
		B2FFD38026FA852E006EBAD2 /* RegulationVC.swift in Sources */ = {isa = PBXBuildFile; fileRef = B2FFD37F26FA852E006EBAD2 /* RegulationVC.swift */; };
/* End PBXBuildFile section */

/* Begin PBXFileReference section */
		B2B72B2026D3929B003E33A1 /* Goroda-game.app */ = {isa = PBXFileReference; explicitFileType = wrapper.application; includeInIndex = 0; path = "Goroda-game.app"; sourceTree = BUILT_PRODUCTS_DIR; };
		B2B72B2326D3929B003E33A1 /* AppDelegate.swift */ = {isa = PBXFileReference; lastKnownFileType = sourcecode.swift; path = AppDelegate.swift; sourceTree = "<group>"; };
		B2B72B2526D3929B003E33A1 /* SceneDelegate.swift */ = {isa = PBXFileReference; lastKnownFileType = sourcecode.swift; path = SceneDelegate.swift; sourceTree = "<group>"; };
		B2B72B2726D3929B003E33A1 /* StartVC.swift */ = {isa = PBXFileReference; lastKnownFileType = sourcecode.swift; path = StartVC.swift; sourceTree = "<group>"; };
		B2B72B2A26D3929B003E33A1 /* Base */ = {isa = PBXFileReference; lastKnownFileType = file.storyboard; name = Base; path = Base.lproj/Main.storyboard; sourceTree = "<group>"; };
		B2B72B2D26D3929B003E33A1 /* Goroda_game.xcdatamodel */ = {isa = PBXFileReference; lastKnownFileType = wrapper.xcdatamodel; path = Goroda_game.xcdatamodel; sourceTree = "<group>"; };
		B2B72B2F26D392A4003E33A1 /* Assets.xcassets */ = {isa = PBXFileReference; lastKnownFileType = folder.assetcatalog; path = Assets.xcassets; sourceTree = "<group>"; };
		B2B72B3226D392A4003E33A1 /* Base */ = {isa = PBXFileReference; lastKnownFileType = file.storyboard; name = Base; path = Base.lproj/LaunchScreen.storyboard; sourceTree = "<group>"; };
		B2B72B3426D392A4003E33A1 /* Info.plist */ = {isa = PBXFileReference; lastKnownFileType = text.plist.xml; path = Info.plist; sourceTree = "<group>"; };
		B2B72B3E26D39792003E33A1 /* GameVC.swift */ = {isa = PBXFileReference; lastKnownFileType = sourcecode.swift; path = GameVC.swift; sourceTree = "<group>"; };
		B2B72B4026D399FF003E33A1 /* DataManager.swift */ = {isa = PBXFileReference; lastKnownFileType = sourcecode.swift; path = DataManager.swift; sourceTree = "<group>"; };
		B2C9451A270242B9004B152E /* SettingsVC.swift */ = {isa = PBXFileReference; lastKnownFileType = sourcecode.swift; path = SettingsVC.swift; sourceTree = "<group>"; };
		B2C9451C27024B82004B152E /* FinalPVPVC.swift */ = {isa = PBXFileReference; lastKnownFileType = sourcecode.swift; name = FinalPVPVC.swift; path = "Goroda-game/Storyboard/FinalPVPVC.swift"; sourceTree = SOURCE_ROOT; };
		B2E43BAB26E0BF5F00563B7B /* FinalVC.swift */ = {isa = PBXFileReference; lastKnownFileType = sourcecode.swift; path = FinalVC.swift; sourceTree = "<group>"; };
		B2FFD37D26FA7AEF006EBAD2 /* GamePVPVC.swift */ = {isa = PBXFileReference; lastKnownFileType = sourcecode.swift; name = GamePVPVC.swift; path = "Goroda-game/Storyboard/GamePVPVC.swift"; sourceTree = SOURCE_ROOT; };
		B2FFD37F26FA852E006EBAD2 /* RegulationVC.swift */ = {isa = PBXFileReference; lastKnownFileType = sourcecode.swift; path = RegulationVC.swift; sourceTree = "<group>"; };
/* End PBXFileReference section */

/* Begin PBXFrameworksBuildPhase section */
		B2B72B1D26D3929B003E33A1 /* Frameworks */ = {
			isa = PBXFrameworksBuildPhase;
			buildActionMask = 2147483647;
			files = (
			);
			runOnlyForDeploymentPostprocessing = 0;
		};
/* End PBXFrameworksBuildPhase section */

/* Begin PBXGroup section */
		B2B72B1726D3929B003E33A1 = {
			isa = PBXGroup;
			children = (
				B2B72B2226D3929B003E33A1 /* Goroda-game */,
				B2B72B2126D3929B003E33A1 /* Products */,
			);
			sourceTree = "<group>";
		};
		B2B72B2126D3929B003E33A1 /* Products */ = {
			isa = PBXGroup;
			children = (
				B2B72B2026D3929B003E33A1 /* Goroda-game.app */,
			);
			name = Products;
			sourceTree = "<group>";
		};
		B2B72B2226D3929B003E33A1 /* Goroda-game */ = {
			isa = PBXGroup;
			children = (
				B2B72B3B26D39328003E33A1 /* Resourses */,
				B2B72B3A26D3931C003E33A1 /* ViewControllers */,
				B2B72B3C26D3933E003E33A1 /* Storyboard */,
				B2B72B3D26D3934C003E33A1 /* Settings */,
				B2B72B2C26D3929B003E33A1 /* Goroda_game.xcdatamodeld */,
			);
			path = "Goroda-game";
			sourceTree = "<group>";
		};
		B2B72B3A26D3931C003E33A1 /* ViewControllers */ = {
			isa = PBXGroup;
			children = (
				B2C9451C27024B82004B152E /* FinalPVPVC.swift */,
				B2FFD37D26FA7AEF006EBAD2 /* GamePVPVC.swift */,
				B2B72B2726D3929B003E33A1 /* StartVC.swift */,
				B2FFD37F26FA852E006EBAD2 /* RegulationVC.swift */,
				B2C9451A270242B9004B152E /* SettingsVC.swift */,
				B2B72B3E26D39792003E33A1 /* GameVC.swift */,
				B2E43BAB26E0BF5F00563B7B /* FinalVC.swift */,
			);
			path = ViewControllers;
			sourceTree = "<group>";
		};
		B2B72B3B26D39328003E33A1 /* Resourses */ = {
			isa = PBXGroup;
			children = (
				B2B72B2F26D392A4003E33A1 /* Assets.xcassets */,
				B2B72B4026D399FF003E33A1 /* DataManager.swift */,
			);
			path = Resourses;
			sourceTree = "<group>";
		};
		B2B72B3C26D3933E003E33A1 /* Storyboard */ = {
			isa = PBXGroup;
			children = (
				B2B72B2926D3929B003E33A1 /* Main.storyboard */,
				B2B72B3126D392A4003E33A1 /* LaunchScreen.storyboard */,
			);
			path = Storyboard;
			sourceTree = "<group>";
		};
		B2B72B3D26D3934C003E33A1 /* Settings */ = {
			isa = PBXGroup;
			children = (
				B2B72B3426D392A4003E33A1 /* Info.plist */,
				B2B72B2326D3929B003E33A1 /* AppDelegate.swift */,
				B2B72B2526D3929B003E33A1 /* SceneDelegate.swift */,
			);
			path = Settings;
			sourceTree = "<group>";
		};
/* End PBXGroup section */

/* Begin PBXNativeTarget section */
		B2B72B1F26D3929B003E33A1 /* Goroda-game */ = {
			isa = PBXNativeTarget;
			buildConfigurationList = B2B72B3726D392A4003E33A1 /* Build configuration list for PBXNativeTarget "Goroda-game" */;
			buildPhases = (
				B2B72B1C26D3929B003E33A1 /* Sources */,
				B2B72B1D26D3929B003E33A1 /* Frameworks */,
				B2B72B1E26D3929B003E33A1 /* Resources */,
			);
			buildRules = (
			);
			dependencies = (
			);
			name = "Goroda-game";
			productName = "Goroda-game";
			productReference = B2B72B2026D3929B003E33A1 /* Goroda-game.app */;
			productType = "com.apple.product-type.application";
		};
/* End PBXNativeTarget section */

/* Begin PBXProject section */
		B2B72B1826D3929B003E33A1 /* Project object */ = {
			isa = PBXProject;
			attributes = {
				LastSwiftUpdateCheck = 1160;
				LastUpgradeCheck = 1160;
				ORGANIZATIONNAME = PotapovMV;
				TargetAttributes = {
					B2B72B1F26D3929B003E33A1 = {
						CreatedOnToolsVersion = 11.6;
					};
				};
			};
			buildConfigurationList = B2B72B1B26D3929B003E33A1 /* Build configuration list for PBXProject "Goroda-game" */;
			compatibilityVersion = "Xcode 9.3";
			developmentRegion = en;
			hasScannedForEncodings = 0;
			knownRegions = (
				en,
				Base,
			);
			mainGroup = B2B72B1726D3929B003E33A1;
			productRefGroup = B2B72B2126D3929B003E33A1 /* Products */;
			projectDirPath = "";
			projectRoot = "";
			targets = (
				B2B72B1F26D3929B003E33A1 /* Goroda-game */,
			);
		};
/* End PBXProject section */

/* Begin PBXResourcesBuildPhase section */
		B2B72B1E26D3929B003E33A1 /* Resources */ = {
			isa = PBXResourcesBuildPhase;
			buildActionMask = 2147483647;
			files = (
				B2B72B3326D392A4003E33A1 /* LaunchScreen.storyboard in Resources */,
				B2B72B3026D392A4003E33A1 /* Assets.xcassets in Resources */,
				B2B72B2B26D3929B003E33A1 /* Main.storyboard in Resources */,
			);
			runOnlyForDeploymentPostprocessing = 0;
		};
/* End PBXResourcesBuildPhase section */

/* Begin PBXSourcesBuildPhase section */
		B2B72B1C26D3929B003E33A1 /* Sources */ = {
			isa = PBXSourcesBuildPhase;
			buildActionMask = 2147483647;
			files = (
				B2E43BAC26E0BF5F00563B7B /* FinalVC.swift in Sources */,
				B2FFD38026FA852E006EBAD2 /* RegulationVC.swift in Sources */,
				B2B72B2826D3929B003E33A1 /* StartVC.swift in Sources */,
				B2C9451D27024B82004B152E /* FinalPVPVC.swift in Sources */,
				B2B72B4126D399FF003E33A1 /* DataManager.swift in Sources */,
				B2FFD37E26FA7AEF006EBAD2 /* GamePVPVC.swift in Sources */,
				B2B72B2E26D3929B003E33A1 /* Goroda_game.xcdatamodeld in Sources */,
				B2B72B2426D3929B003E33A1 /* AppDelegate.swift in Sources */,
				B2B72B3F26D39792003E33A1 /* GameVC.swift in Sources */,
				B2B72B2626D3929B003E33A1 /* SceneDelegate.swift in Sources */,
				B2C9451B270242B9004B152E /* SettingsVC.swift in Sources */,
			);
			runOnlyForDeploymentPostprocessing = 0;
		};
/* End PBXSourcesBuildPhase section */

/* Begin PBXVariantGroup section */
		B2B72B2926D3929B003E33A1 /* Main.storyboard */ = {
			isa = PBXVariantGroup;
			children = (
				B2B72B2A26D3929B003E33A1 /* Base */,
			);
			name = Main.storyboard;
			sourceTree = "<group>";
		};
		B2B72B3126D392A4003E33A1 /* LaunchScreen.storyboard */ = {
			isa = PBXVariantGroup;
			children = (
				B2B72B3226D392A4003E33A1 /* Base */,
			);
			name = LaunchScreen.storyboard;
			sourceTree = "<group>";
		};
/* End PBXVariantGroup section */

/* Begin XCBuildConfiguration section */
		B2B72B3526D392A4003E33A1 /* Debug */ = {
			isa = XCBuildConfiguration;
			buildSettings = {
				ALWAYS_SEARCH_USER_PATHS = NO;
				CLANG_ANALYZER_NONNULL = YES;
				CLANG_ANALYZER_NUMBER_OBJECT_CONVERSION = YES_AGGRESSIVE;
				CLANG_CXX_LANGUAGE_STANDARD = "gnu++14";
				CLANG_CXX_LIBRARY = "libc++";
				CLANG_ENABLE_MODULES = YES;
				CLANG_ENABLE_OBJC_ARC = YES;
				CLANG_ENABLE_OBJC_WEAK = YES;
				CLANG_WARN_BLOCK_CAPTURE_AUTORELEASING = YES;
				CLANG_WARN_BOOL_CONVERSION = YES;
				CLANG_WARN_COMMA = YES;
				CLANG_WARN_CONSTANT_CONVERSION = YES;
				CLANG_WARN_DEPRECATED_OBJC_IMPLEMENTATIONS = YES;
				CLANG_WARN_DIRECT_OBJC_ISA_USAGE = YES_ERROR;
				CLANG_WARN_DOCUMENTATION_COMMENTS = YES;
				CLANG_WARN_EMPTY_BODY = YES;
				CLANG_WARN_ENUM_CONVERSION = YES;
				CLANG_WARN_INFINITE_RECURSION = YES;
				CLANG_WARN_INT_CONVERSION = YES;
				CLANG_WARN_NON_LITERAL_NULL_CONVERSION = YES;
				CLANG_WARN_OBJC_IMPLICIT_RETAIN_SELF = YES;
				CLANG_WARN_OBJC_LITERAL_CONVERSION = YES;
				CLANG_WARN_OBJC_ROOT_CLASS = YES_ERROR;
				CLANG_WARN_RANGE_LOOP_ANALYSIS = YES;
				CLANG_WARN_STRICT_PROTOTYPES = YES;
				CLANG_WARN_SUSPICIOUS_MOVE = YES;
				CLANG_WARN_UNGUARDED_AVAILABILITY = YES_AGGRESSIVE;
				CLANG_WARN_UNREACHABLE_CODE = YES;
				CLANG_WARN__DUPLICATE_METHOD_MATCH = YES;
				COPY_PHASE_STRIP = NO;
				DEBUG_INFORMATION_FORMAT = dwarf;
				ENABLE_STRICT_OBJC_MSGSEND = YES;
				ENABLE_TESTABILITY = YES;
				GCC_C_LANGUAGE_STANDARD = gnu11;
				GCC_DYNAMIC_NO_PIC = NO;
				GCC_NO_COMMON_BLOCKS = YES;
				GCC_OPTIMIZATION_LEVEL = 0;
				GCC_PREPROCESSOR_DEFINITIONS = (
					"DEBUG=1",
					"$(inherited)",
				);
				GCC_WARN_64_TO_32_BIT_CONVERSION = YES;
				GCC_WARN_ABOUT_RETURN_TYPE = YES_ERROR;
				GCC_WARN_UNDECLARED_SELECTOR = YES;
				GCC_WARN_UNINITIALIZED_AUTOS = YES_AGGRESSIVE;
				GCC_WARN_UNUSED_FUNCTION = YES;
				GCC_WARN_UNUSED_VARIABLE = YES;
				IPHONEOS_DEPLOYMENT_TARGET = 13.6;
				MTL_ENABLE_DEBUG_INFO = INCLUDE_SOURCE;
				MTL_FAST_MATH = YES;
				ONLY_ACTIVE_ARCH = YES;
				SDKROOT = iphoneos;
				SWIFT_ACTIVE_COMPILATION_CONDITIONS = DEBUG;
				SWIFT_OPTIMIZATION_LEVEL = "-Onone";
			};
			name = Debug;
		};
		B2B72B3626D392A4003E33A1 /* Release */ = {
			isa = XCBuildConfiguration;
			buildSettings = {
				ALWAYS_SEARCH_USER_PATHS = NO;
				CLANG_ANALYZER_NONNULL = YES;
				CLANG_ANALYZER_NUMBER_OBJECT_CONVERSION = YES_AGGRESSIVE;
				CLANG_CXX_LANGUAGE_STANDARD = "gnu++14";
				CLANG_CXX_LIBRARY = "libc++";
				CLANG_ENABLE_MODULES = YES;
				CLANG_ENABLE_OBJC_ARC = YES;
				CLANG_ENABLE_OBJC_WEAK = YES;
				CLANG_WARN_BLOCK_CAPTURE_AUTORELEASING = YES;
				CLANG_WARN_BOOL_CONVERSION = YES;
				CLANG_WARN_COMMA = YES;
				CLANG_WARN_CONSTANT_CONVERSION = YES;
				CLANG_WARN_DEPRECATED_OBJC_IMPLEMENTATIONS = YES;
				CLANG_WARN_DIRECT_OBJC_ISA_USAGE = YES_ERROR;
				CLANG_WARN_DOCUMENTATION_COMMENTS = YES;
				CLANG_WARN_EMPTY_BODY = YES;
				CLANG_WARN_ENUM_CONVERSION = YES;
				CLANG_WARN_INFINITE_RECURSION = YES;
				CLANG_WARN_INT_CONVERSION = YES;
				CLANG_WARN_NON_LITERAL_NULL_CONVERSION = YES;
				CLANG_WARN_OBJC_IMPLICIT_RETAIN_SELF = YES;
				CLANG_WARN_OBJC_LITERAL_CONVERSION = YES;
				CLANG_WARN_OBJC_ROOT_CLASS = YES_ERROR;
				CLANG_WARN_RANGE_LOOP_ANALYSIS = YES;
				CLANG_WARN_STRICT_PROTOTYPES = YES;
				CLANG_WARN_SUSPICIOUS_MOVE = YES;
				CLANG_WARN_UNGUARDED_AVAILABILITY = YES_AGGRESSIVE;
				CLANG_WARN_UNREACHABLE_CODE = YES;
				CLANG_WARN__DUPLICATE_METHOD_MATCH = YES;
				COPY_PHASE_STRIP = NO;
				DEBUG_INFORMATION_FORMAT = "dwarf-with-dsym";
				ENABLE_NS_ASSERTIONS = NO;
				ENABLE_STRICT_OBJC_MSGSEND = YES;
				GCC_C_LANGUAGE_STANDARD = gnu11;
				GCC_NO_COMMON_BLOCKS = YES;
				GCC_WARN_64_TO_32_BIT_CONVERSION = YES;
				GCC_WARN_ABOUT_RETURN_TYPE = YES_ERROR;
				GCC_WARN_UNDECLARED_SELECTOR = YES;
				GCC_WARN_UNINITIALIZED_AUTOS = YES_AGGRESSIVE;
				GCC_WARN_UNUSED_FUNCTION = YES;
				GCC_WARN_UNUSED_VARIABLE = YES;
				IPHONEOS_DEPLOYMENT_TARGET = 13.6;
				MTL_ENABLE_DEBUG_INFO = NO;
				MTL_FAST_MATH = YES;
				SDKROOT = iphoneos;
				SWIFT_COMPILATION_MODE = wholemodule;
				SWIFT_OPTIMIZATION_LEVEL = "-O";
				VALIDATE_PRODUCT = YES;
			};
			name = Release;
		};
		B2B72B3826D392A4003E33A1 /* Debug */ = {
			isa = XCBuildConfiguration;
			buildSettings = {
				ASSETCATALOG_COMPILER_APPICON_NAME = AppIcon;
				CODE_SIGN_STYLE = Automatic;
				DEVELOPMENT_TEAM = RCJ93M3YP3;
				INFOPLIST_FILE = "Goroda-game/Settings/Info.plist";
				LD_RUNPATH_SEARCH_PATHS = (
					"$(inherited)",
					"@executable_path/Frameworks",
				);
				PRODUCT_BUNDLE_IDENTIFIER = "potapovMV.Goroda-game";
				PRODUCT_NAME = "$(TARGET_NAME)";
				SWIFT_VERSION = 5.0;
				TARGETED_DEVICE_FAMILY = "1,2";
			};
			name = Debug;
		};
		B2B72B3926D392A4003E33A1 /* Release */ = {
			isa = XCBuildConfiguration;
			buildSettings = {
				ASSETCATALOG_COMPILER_APPICON_NAME = AppIcon;
				CODE_SIGN_STYLE = Automatic;
				DEVELOPMENT_TEAM = RCJ93M3YP3;
				INFOPLIST_FILE = "Goroda-game/Settings/Info.plist";
				LD_RUNPATH_SEARCH_PATHS = (
					"$(inherited)",
					"@executable_path/Frameworks",
				);
				PRODUCT_BUNDLE_IDENTIFIER = "potapovMV.Goroda-game";
				PRODUCT_NAME = "$(TARGET_NAME)";
				SWIFT_VERSION = 5.0;
				TARGETED_DEVICE_FAMILY = "1,2";
			};
			name = Release;
		};
/* End XCBuildConfiguration section */

/* Begin XCConfigurationList section */
		B2B72B1B26D3929B003E33A1 /* Build configuration list for PBXProject "Goroda-game" */ = {
			isa = XCConfigurationList;
			buildConfigurations = (
				B2B72B3526D392A4003E33A1 /* Debug */,
				B2B72B3626D392A4003E33A1 /* Release */,
			);
			defaultConfigurationIsVisible = 0;
			defaultConfigurationName = Release;
		};
		B2B72B3726D392A4003E33A1 /* Build configuration list for PBXNativeTarget "Goroda-game" */ = {
			isa = XCConfigurationList;
			buildConfigurations = (
				B2B72B3826D392A4003E33A1 /* Debug */,
				B2B72B3926D392A4003E33A1 /* Release */,
			);
			defaultConfigurationIsVisible = 0;
			defaultConfigurationName = Release;
		};
/* End XCConfigurationList section */

/* Begin XCVersionGroup section */
		B2B72B2C26D3929B003E33A1 /* Goroda_game.xcdatamodeld */ = {
			isa = XCVersionGroup;
			children = (
				B2B72B2D26D3929B003E33A1 /* Goroda_game.xcdatamodel */,
			);
			currentVersion = B2B72B2D26D3929B003E33A1 /* Goroda_game.xcdatamodel */;
			path = Goroda_game.xcdatamodeld;
			sourceTree = "<group>";
			versionGroupType = wrapper.xcdatamodel;
		};
/* End XCVersionGroup section */
	};
	rootObject = B2B72B1826D3929B003E33A1 /* Project object */;
}
